// !$*UTF8*$!
{
	archiveVersion = 1;
	classes = {
	};
	objectVersion = 50;
	objects = {

/* Begin PBXBuildFile section */
		1F1F14C225071B170094F632 /* AppDelegate.m in Sources */ = {isa = PBXBuildFile; fileRef = 1F1F14C125071B170094F632 /* AppDelegate.m */; };
		1F1F14C525071B170094F632 /* SceneDelegate.m in Sources */ = {isa = PBXBuildFile; fileRef = 1F1F14C425071B170094F632 /* SceneDelegate.m */; };
		1F1F14C825071B170094F632 /* ViewController.m in Sources */ = {isa = PBXBuildFile; fileRef = 1F1F14C725071B170094F632 /* ViewController.m */; };
		1F1F14CB25071B170094F632 /* Main.storyboard in Resources */ = {isa = PBXBuildFile; fileRef = 1F1F14C925071B170094F632 /* Main.storyboard */; };
		1F1F14CD25071B170094F632 /* Assets.xcassets in Resources */ = {isa = PBXBuildFile; fileRef = 1F1F14CC25071B170094F632 /* Assets.xcassets */; };
		1F1F14D025071B170094F632 /* LaunchScreen.storyboard in Resources */ = {isa = PBXBuildFile; fileRef = 1F1F14CE25071B170094F632 /* LaunchScreen.storyboard */; };
		1F1F14D325071B170094F632 /* main.m in Sources */ = {isa = PBXBuildFile; fileRef = 1F1F14D225071B170094F632 /* main.m */; };
		1F1F14DD25071B170094F632 /* XZWLocationManageTests.m in Sources */ = {isa = PBXBuildFile; fileRef = 1F1F14DC25071B170094F632 /* XZWLocationManageTests.m */; };
		1F1F14E825071B170094F632 /* XZWLocationManageUITests.m in Sources */ = {isa = PBXBuildFile; fileRef = 1F1F14E725071B170094F632 /* XZWLocationManageUITests.m */; };
		1F1F14FA25071B400094F632 /* HQJLocationManager.m in Sources */ = {isa = PBXBuildFile; fileRef = 1F1F14F625071B400094F632 /* HQJLocationManager.m */; };
		1F1F14FB25071B400094F632 /* XZWLocationManager.podspec in Resources */ = {isa = PBXBuildFile; fileRef = 1F1F14F825071B400094F632 /* XZWLocationManager.podspec */; };
/* End PBXBuildFile section */

/* Begin PBXContainerItemProxy section */
		1F1F14D925071B170094F632 /* PBXContainerItemProxy */ = {
			isa = PBXContainerItemProxy;
			containerPortal = 1F1F14B525071B170094F632 /* Project object */;
			proxyType = 1;
			remoteGlobalIDString = 1F1F14BC25071B170094F632;
			remoteInfo = XZWLocationManage;
		};
		1F1F14E425071B170094F632 /* PBXContainerItemProxy */ = {
			isa = PBXContainerItemProxy;
			containerPortal = 1F1F14B525071B170094F632 /* Project object */;
			proxyType = 1;
			remoteGlobalIDString = 1F1F14BC25071B170094F632;
			remoteInfo = XZWLocationManage;
		};
/* End PBXContainerItemProxy section */

/* Begin PBXFileReference section */
		1F1F14BD25071B170094F632 /* XZWLocationManage.app */ = {isa = PBXFileReference; explicitFileType = wrapper.application; includeInIndex = 0; path = XZWLocationManage.app; sourceTree = BUILT_PRODUCTS_DIR; };
		1F1F14C025071B170094F632 /* AppDelegate.h */ = {isa = PBXFileReference; lastKnownFileType = sourcecode.c.h; path = AppDelegate.h; sourceTree = "<group>"; };
		1F1F14C125071B170094F632 /* AppDelegate.m */ = {isa = PBXFileReference; lastKnownFileType = sourcecode.c.objc; path = AppDelegate.m; sourceTree = "<group>"; };
		1F1F14C325071B170094F632 /* SceneDelegate.h */ = {isa = PBXFileReference; lastKnownFileType = sourcecode.c.h; path = SceneDelegate.h; sourceTree = "<group>"; };
		1F1F14C425071B170094F632 /* SceneDelegate.m */ = {isa = PBXFileReference; lastKnownFileType = sourcecode.c.objc; path = SceneDelegate.m; sourceTree = "<group>"; };
		1F1F14C625071B170094F632 /* ViewController.h */ = {isa = PBXFileReference; lastKnownFileType = sourcecode.c.h; path = ViewController.h; sourceTree = "<group>"; };
		1F1F14C725071B170094F632 /* ViewController.m */ = {isa = PBXFileReference; lastKnownFileType = sourcecode.c.objc; path = ViewController.m; sourceTree = "<group>"; };
		1F1F14CA25071B170094F632 /* Base */ = {isa = PBXFileReference; lastKnownFileType = file.storyboard; name = Base; path = Base.lproj/Main.storyboard; sourceTree = "<group>"; };
		1F1F14CC25071B170094F632 /* Assets.xcassets */ = {isa = PBXFileReference; lastKnownFileType = folder.assetcatalog; path = Assets.xcassets; sourceTree = "<group>"; };
		1F1F14CF25071B170094F632 /* Base */ = {isa = PBXFileReference; lastKnownFileType = file.storyboard; name = Base; path = Base.lproj/LaunchScreen.storyboard; sourceTree = "<group>"; };
		1F1F14D125071B170094F632 /* Info.plist */ = {isa = PBXFileReference; lastKnownFileType = text.plist.xml; path = Info.plist; sourceTree = "<group>"; };
		1F1F14D225071B170094F632 /* main.m */ = {isa = PBXFileReference; lastKnownFileType = sourcecode.c.objc; path = main.m; sourceTree = "<group>"; };
		1F1F14D825071B170094F632 /* XZWLocationManageTests.xctest */ = {isa = PBXFileReference; explicitFileType = wrapper.cfbundle; includeInIndex = 0; path = XZWLocationManageTests.xctest; sourceTree = BUILT_PRODUCTS_DIR; };
		1F1F14DC25071B170094F632 /* XZWLocationManageTests.m */ = {isa = PBXFileReference; lastKnownFileType = sourcecode.c.objc; path = XZWLocationManageTests.m; sourceTree = "<group>"; };
		1F1F14DE25071B170094F632 /* Info.plist */ = {isa = PBXFileReference; lastKnownFileType = text.plist.xml; path = Info.plist; sourceTree = "<group>"; };
		1F1F14E325071B170094F632 /* XZWLocationManageUITests.xctest */ = {isa = PBXFileReference; explicitFileType = wrapper.cfbundle; includeInIndex = 0; path = XZWLocationManageUITests.xctest; sourceTree = BUILT_PRODUCTS_DIR; };
		1F1F14E725071B170094F632 /* XZWLocationManageUITests.m */ = {isa = PBXFileReference; lastKnownFileType = sourcecode.c.objc; path = XZWLocationManageUITests.m; sourceTree = "<group>"; };
		1F1F14E925071B170094F632 /* Info.plist */ = {isa = PBXFileReference; lastKnownFileType = text.plist.xml; path = Info.plist; sourceTree = "<group>"; };
		1F1F14F625071B400094F632 /* HQJLocationManager.m */ = {isa = PBXFileReference; fileEncoding = 4; lastKnownFileType = sourcecode.c.objc; path = HQJLocationManager.m; sourceTree = "<group>"; };
		1F1F14F825071B400094F632 /* XZWLocationManager.podspec */ = {isa = PBXFileReference; fileEncoding = 4; lastKnownFileType = text; path = XZWLocationManager.podspec; sourceTree = "<group>"; };
		1F1F14F925071B400094F632 /* HQJLocationManager.h */ = {isa = PBXFileReference; fileEncoding = 4; lastKnownFileType = sourcecode.c.h; path = HQJLocationManager.h; sourceTree = "<group>"; };
/* End PBXFileReference section */

/* Begin PBXFrameworksBuildPhase section */
		1F1F14BA25071B170094F632 /* Frameworks */ = {
			isa = PBXFrameworksBuildPhase;
			buildActionMask = 2147483647;
			files = (
			);
			runOnlyForDeploymentPostprocessing = 0;
		};
		1F1F14D525071B170094F632 /* Frameworks */ = {
			isa = PBXFrameworksBuildPhase;
			buildActionMask = 2147483647;
			files = (
			);
			runOnlyForDeploymentPostprocessing = 0;
		};
		1F1F14E025071B170094F632 /* Frameworks */ = {
			isa = PBXFrameworksBuildPhase;
			buildActionMask = 2147483647;
			files = (
			);
			runOnlyForDeploymentPostprocessing = 0;
		};
/* End PBXFrameworksBuildPhase section */

/* Begin PBXGroup section */
		1F1F14B425071B170094F632 = {
			isa = PBXGroup;
			children = (
				1F1F14F525071B400094F632 /* XZWLocationManager */,
				1F1F14F725071B400094F632 /* 0.0.1 */,
				1F1F14BF25071B170094F632 /* XZWLocationManage */,
				1F1F14DB25071B170094F632 /* XZWLocationManageTests */,
				1F1F14E625071B170094F632 /* XZWLocationManageUITests */,
				1F1F14BE25071B170094F632 /* Products */,
			);
			sourceTree = "<group>";
		};
		1F1F14BE25071B170094F632 /* Products */ = {
			isa = PBXGroup;
			children = (
				1F1F14BD25071B170094F632 /* XZWLocationManage.app */,
				1F1F14D825071B170094F632 /* XZWLocationManageTests.xctest */,
				1F1F14E325071B170094F632 /* XZWLocationManageUITests.xctest */,
			);
			name = Products;
			sourceTree = "<group>";
		};
		1F1F14BF25071B170094F632 /* XZWLocationManage */ = {
			isa = PBXGroup;
			children = (
				1F1F14C025071B170094F632 /* AppDelegate.h */,
				1F1F14C125071B170094F632 /* AppDelegate.m */,
				1F1F14C325071B170094F632 /* SceneDelegate.h */,
				1F1F14C425071B170094F632 /* SceneDelegate.m */,
				1F1F14C625071B170094F632 /* ViewController.h */,
				1F1F14C725071B170094F632 /* ViewController.m */,
				1F1F14C925071B170094F632 /* Main.storyboard */,
				1F1F14CC25071B170094F632 /* Assets.xcassets */,
				1F1F14CE25071B170094F632 /* LaunchScreen.storyboard */,
				1F1F14D125071B170094F632 /* Info.plist */,
				1F1F14D225071B170094F632 /* main.m */,
			);
			path = XZWLocationManage;
			sourceTree = "<group>";
		};
		1F1F14DB25071B170094F632 /* XZWLocationManageTests */ = {
			isa = PBXGroup;
			children = (
				1F1F14DC25071B170094F632 /* XZWLocationManageTests.m */,
				1F1F14DE25071B170094F632 /* Info.plist */,
			);
			path = XZWLocationManageTests;
			sourceTree = "<group>";
		};
		1F1F14E625071B170094F632 /* XZWLocationManageUITests */ = {
			isa = PBXGroup;
			children = (
				1F1F14E725071B170094F632 /* XZWLocationManageUITests.m */,
				1F1F14E925071B170094F632 /* Info.plist */,
			);
			path = XZWLocationManageUITests;
			sourceTree = "<group>";
		};
		1F1F14F525071B400094F632 /* XZWLocationManager */ = {
			isa = PBXGroup;
			children = (
				1F1F14F925071B400094F632 /* HQJLocationManager.h */,
				1F1F14F625071B400094F632 /* HQJLocationManager.m */,
			);
			name = XZWLocationManager;
			path = ../XZWLocationManager;
			sourceTree = "<group>";
		};
		1F1F14F725071B400094F632 /* 0.0.1 */ = {
			isa = PBXGroup;
			children = (
				1F1F14F825071B400094F632 /* XZWLocationManager.podspec */,
			);
			path = 0.0.1;
			sourceTree = "<group>";
		};
/* End PBXGroup section */

/* Begin PBXNativeTarget section */
		1F1F14BC25071B170094F632 /* XZWLocationManage */ = {
			isa = PBXNativeTarget;
			buildConfigurationList = 1F1F14EC25071B170094F632 /* Build configuration list for PBXNativeTarget "XZWLocationManage" */;
			buildPhases = (
				1F1F14B925071B170094F632 /* Sources */,
				1F1F14BA25071B170094F632 /* Frameworks */,
				1F1F14BB25071B170094F632 /* Resources */,
			);
			buildRules = (
			);
			dependencies = (
			);
			name = XZWLocationManage;
			productName = XZWLocationManage;
			productReference = 1F1F14BD25071B170094F632 /* XZWLocationManage.app */;
			productType = "com.apple.product-type.application";
		};
		1F1F14D725071B170094F632 /* XZWLocationManageTests */ = {
			isa = PBXNativeTarget;
			buildConfigurationList = 1F1F14EF25071B170094F632 /* Build configuration list for PBXNativeTarget "XZWLocationManageTests" */;
			buildPhases = (
				1F1F14D425071B170094F632 /* Sources */,
				1F1F14D525071B170094F632 /* Frameworks */,
				1F1F14D625071B170094F632 /* Resources */,
			);
			buildRules = (
			);
			dependencies = (
				1F1F14DA25071B170094F632 /* PBXTargetDependency */,
			);
			name = XZWLocationManageTests;
			productName = XZWLocationManageTests;
			productReference = 1F1F14D825071B170094F632 /* XZWLocationManageTests.xctest */;
			productType = "com.apple.product-type.bundle.unit-test";
		};
		1F1F14E225071B170094F632 /* XZWLocationManageUITests */ = {
			isa = PBXNativeTarget;
			buildConfigurationList = 1F1F14F225071B170094F632 /* Build configuration list for PBXNativeTarget "XZWLocationManageUITests" */;
			buildPhases = (
				1F1F14DF25071B170094F632 /* Sources */,
				1F1F14E025071B170094F632 /* Frameworks */,
				1F1F14E125071B170094F632 /* Resources */,
			);
			buildRules = (
			);
			dependencies = (
				1F1F14E525071B170094F632 /* PBXTargetDependency */,
			);
			name = XZWLocationManageUITests;
			productName = XZWLocationManageUITests;
			productReference = 1F1F14E325071B170094F632 /* XZWLocationManageUITests.xctest */;
			productType = "com.apple.product-type.bundle.ui-testing";
		};
/* End PBXNativeTarget section */

/* Begin PBXProject section */
		1F1F14B525071B170094F632 /* Project object */ = {
			isa = PBXProject;
			attributes = {
				LastUpgradeCheck = 1160;
				ORGANIZATIONNAME = "Fujian first time iot technology investment co., LTD";
				TargetAttributes = {
					1F1F14BC25071B170094F632 = {
						CreatedOnToolsVersion = 11.6;
					};
					1F1F14D725071B170094F632 = {
						CreatedOnToolsVersion = 11.6;
						TestTargetID = 1F1F14BC25071B170094F632;
					};
					1F1F14E225071B170094F632 = {
						CreatedOnToolsVersion = 11.6;
						TestTargetID = 1F1F14BC25071B170094F632;
					};
				};
			};
			buildConfigurationList = 1F1F14B825071B170094F632 /* Build configuration list for PBXProject "XZWLocationManage" */;
			compatibilityVersion = "Xcode 9.3";
			developmentRegion = en;
			hasScannedForEncodings = 0;
			knownRegions = (
				en,
				Base,
			);
			mainGroup = 1F1F14B425071B170094F632;
			productRefGroup = 1F1F14BE25071B170094F632 /* Products */;
			projectDirPath = "";
			projectRoot = "";
			targets = (
				1F1F14BC25071B170094F632 /* XZWLocationManage */,
				1F1F14D725071B170094F632 /* XZWLocationManageTests */,
				1F1F14E225071B170094F632 /* XZWLocationManageUITests */,
			);
		};
/* End PBXProject section */

/* Begin PBXResourcesBuildPhase section */
		1F1F14BB25071B170094F632 /* Resources */ = {
			isa = PBXResourcesBuildPhase;
			buildActionMask = 2147483647;
			files = (
				1F1F14D025071B170094F632 /* LaunchScreen.storyboard in Resources */,
				1F1F14CD25071B170094F632 /* Assets.xcassets in Resources */,
				1F1F14CB25071B170094F632 /* Main.storyboard in Resources */,
				1F1F14FB25071B400094F632 /* XZWLocationManager.podspec in Resources */,
			);
			runOnlyForDeploymentPostprocessing = 0;
		};
		1F1F14D625071B170094F632 /* Resources */ = {
			isa = PBXResourcesBuildPhase;
			buildActionMask = 2147483647;
			files = (
			);
			runOnlyForDeploymentPostprocessing = 0;
		};
		1F1F14E125071B170094F632 /* Resources */ = {
			isa = PBXResourcesBuildPhase;
			buildActionMask = 2147483647;
			files = (
			);
			runOnlyForDeploymentPostprocessing = 0;
		};
/* End PBXResourcesBuildPhase section */

/* Begin PBXSourcesBuildPhase section */
		1F1F14B925071B170094F632 /* Sources */ = {
			isa = PBXSourcesBuildPhase;
			buildActionMask = 2147483647;
			files = (
				1F1F14FA25071B400094F632 /* HQJLocationManager.m in Sources */,
				1F1F14C825071B170094F632 /* ViewController.m in Sources */,
				1F1F14C225071B170094F632 /* AppDelegate.m in Sources */,
				1F1F14D325071B170094F632 /* main.m in Sources */,
				1F1F14C525071B170094F632 /* SceneDelegate.m in Sources */,
			);
			runOnlyForDeploymentPostprocessing = 0;
		};
		1F1F14D425071B170094F632 /* Sources */ = {
			isa = PBXSourcesBuildPhase;
			buildActionMask = 2147483647;
			files = (
				1F1F14DD25071B170094F632 /* XZWLocationManageTests.m in Sources */,
			);
			runOnlyForDeploymentPostprocessing = 0;
		};
		1F1F14DF25071B170094F632 /* Sources */ = {
			isa = PBXSourcesBuildPhase;
			buildActionMask = 2147483647;
			files = (
				1F1F14E825071B170094F632 /* XZWLocationManageUITests.m in Sources */,
			);
			runOnlyForDeploymentPostprocessing = 0;
		};
/* End PBXSourcesBuildPhase section */

/* Begin PBXTargetDependency section */
		1F1F14DA25071B170094F632 /* PBXTargetDependency */ = {
			isa = PBXTargetDependency;
			target = 1F1F14BC25071B170094F632 /* XZWLocationManage */;
			targetProxy = 1F1F14D925071B170094F632 /* PBXContainerItemProxy */;
		};
		1F1F14E525071B170094F632 /* PBXTargetDependency */ = {
			isa = PBXTargetDependency;
			target = 1F1F14BC25071B170094F632 /* XZWLocationManage */;
			targetProxy = 1F1F14E425071B170094F632 /* PBXContainerItemProxy */;
		};
/* End PBXTargetDependency section */

/* Begin PBXVariantGroup section */
		1F1F14C925071B170094F632 /* Main.storyboard */ = {
			isa = PBXVariantGroup;
			children = (
				1F1F14CA25071B170094F632 /* Base */,
			);
			name = Main.storyboard;
			sourceTree = "<group>";
		};
		1F1F14CE25071B170094F632 /* LaunchScreen.storyboard */ = {
			isa = PBXVariantGroup;
			children = (
				1F1F14CF25071B170094F632 /* Base */,
			);
			name = LaunchScreen.storyboard;
			sourceTree = "<group>";
		};
/* End PBXVariantGroup section */

/* Begin XCBuildConfiguration section */
		1F1F14EA25071B170094F632 /* Debug */ = {
			isa = XCBuildConfiguration;
			buildSettings = {
				ALWAYS_SEARCH_USER_PATHS = NO;
				CLANG_ANALYZER_NONNULL = YES;
				CLANG_ANALYZER_NUMBER_OBJECT_CONVERSION = YES_AGGRESSIVE;
				CLANG_CXX_LANGUAGE_STANDARD = "gnu++14";
				CLANG_CXX_LIBRARY = "libc++";
				CLANG_ENABLE_MODULES = YES;
				CLANG_ENABLE_OBJC_ARC = YES;
				CLANG_ENABLE_OBJC_WEAK = YES;
				CLANG_WARN_BLOCK_CAPTURE_AUTORELEASING = YES;
				CLANG_WARN_BOOL_CONVERSION = YES;
				CLANG_WARN_COMMA = YES;
				CLANG_WARN_CONSTANT_CONVERSION = YES;
				CLANG_WARN_DEPRECATED_OBJC_IMPLEMENTATIONS = YES;
				CLANG_WARN_DIRECT_OBJC_ISA_USAGE = YES_ERROR;
				CLANG_WARN_DOCUMENTATION_COMMENTS = YES;
				CLANG_WARN_EMPTY_BODY = YES;
				CLANG_WARN_ENUM_CONVERSION = YES;
				CLANG_WARN_INFINITE_RECURSION = YES;
				CLANG_WARN_INT_CONVERSION = YES;
				CLANG_WARN_NON_LITERAL_NULL_CONVERSION = YES;
				CLANG_WARN_OBJC_IMPLICIT_RETAIN_SELF = YES;
				CLANG_WARN_OBJC_LITERAL_CONVERSION = YES;
				CLANG_WARN_OBJC_ROOT_CLASS = YES_ERROR;
				CLANG_WARN_RANGE_LOOP_ANALYSIS = YES;
				CLANG_WARN_STRICT_PROTOTYPES = YES;
				CLANG_WARN_SUSPICIOUS_MOVE = YES;
				CLANG_WARN_UNGUARDED_AVAILABILITY = YES_AGGRESSIVE;
				CLANG_WARN_UNREACHABLE_CODE = YES;
				CLANG_WARN__DUPLICATE_METHOD_MATCH = YES;
				COPY_PHASE_STRIP = NO;
				DEBUG_INFORMATION_FORMAT = dwarf;
				ENABLE_STRICT_OBJC_MSGSEND = YES;
				ENABLE_TESTABILITY = YES;
				GCC_C_LANGUAGE_STANDARD = gnu11;
				GCC_DYNAMIC_NO_PIC = NO;
				GCC_NO_COMMON_BLOCKS = YES;
				GCC_OPTIMIZATION_LEVEL = 0;
				GCC_PREPROCESSOR_DEFINITIONS = (
					"DEBUG=1",
					"$(inherited)",
				);
				GCC_WARN_64_TO_32_BIT_CONVERSION = YES;
				GCC_WARN_ABOUT_RETURN_TYPE = YES_ERROR;
				GCC_WARN_UNDECLARED_SELECTOR = YES;
				GCC_WARN_UNINITIALIZED_AUTOS = YES_AGGRESSIVE;
				GCC_WARN_UNUSED_FUNCTION = YES;
				GCC_WARN_UNUSED_VARIABLE = YES;
				IPHONEOS_DEPLOYMENT_TARGET = 13.6;
				MTL_ENABLE_DEBUG_INFO = INCLUDE_SOURCE;
				MTL_FAST_MATH = YES;
				ONLY_ACTIVE_ARCH = YES;
				SDKROOT = iphoneos;
			};
			name = Debug;
		};
		1F1F14EB25071B170094F632 /* Release */ = {
			isa = XCBuildConfiguration;
			buildSettings = {
				ALWAYS_SEARCH_USER_PATHS = NO;
				CLANG_ANALYZER_NONNULL = YES;
				CLANG_ANALYZER_NUMBER_OBJECT_CONVERSION = YES_AGGRESSIVE;
				CLANG_CXX_LANGUAGE_STANDARD = "gnu++14";
				CLANG_CXX_LIBRARY = "libc++";
				CLANG_ENABLE_MODULES = YES;
				CLANG_ENABLE_OBJC_ARC = YES;
				CLANG_ENABLE_OBJC_WEAK = YES;
				CLANG_WARN_BLOCK_CAPTURE_AUTORELEASING = YES;
				CLANG_WARN_BOOL_CONVERSION = YES;
				CLANG_WARN_COMMA = YES;
				CLANG_WARN_CONSTANT_CONVERSION = YES;
				CLANG_WARN_DEPRECATED_OBJC_IMPLEMENTATIONS = YES;
				CLANG_WARN_DIRECT_OBJC_ISA_USAGE = YES_ERROR;
				CLANG_WARN_DOCUMENTATION_COMMENTS = YES;
				CLANG_WARN_EMPTY_BODY = YES;
				CLANG_WARN_ENUM_CONVERSION = YES;
				CLANG_WARN_INFINITE_RECURSION = YES;
				CLANG_WARN_INT_CONVERSION = YES;
				CLANG_WARN_NON_LITERAL_NULL_CONVERSION = YES;
				CLANG_WARN_OBJC_IMPLICIT_RETAIN_SELF = YES;
				CLANG_WARN_OBJC_LITERAL_CONVERSION = YES;
				CLANG_WARN_OBJC_ROOT_CLASS = YES_ERROR;
				CLANG_WARN_RANGE_LOOP_ANALYSIS = YES;
				CLANG_WARN_STRICT_PROTOTYPES = YES;
				CLANG_WARN_SUSPICIOUS_MOVE = YES;
				CLANG_WARN_UNGUARDED_AVAILABILITY = YES_AGGRESSIVE;
				CLANG_WARN_UNREACHABLE_CODE = YES;
				CLANG_WARN__DUPLICATE_METHOD_MATCH = YES;
				COPY_PHASE_STRIP = NO;
				DEBUG_INFORMATION_FORMAT = "dwarf-with-dsym";
				ENABLE_NS_ASSERTIONS = NO;
				ENABLE_STRICT_OBJC_MSGSEND = YES;
				GCC_C_LANGUAGE_STANDARD = gnu11;
				GCC_NO_COMMON_BLOCKS = YES;
				GCC_WARN_64_TO_32_BIT_CONVERSION = YES;
				GCC_WARN_ABOUT_RETURN_TYPE = YES_ERROR;
				GCC_WARN_UNDECLARED_SELECTOR = YES;
				GCC_WARN_UNINITIALIZED_AUTOS = YES_AGGRESSIVE;
				GCC_WARN_UNUSED_FUNCTION = YES;
				GCC_WARN_UNUSED_VARIABLE = YES;
				IPHONEOS_DEPLOYMENT_TARGET = 13.6;
				MTL_ENABLE_DEBUG_INFO = NO;
				MTL_FAST_MATH = YES;
				SDKROOT = iphoneos;
				VALIDATE_PRODUCT = YES;
			};
			name = Release;
		};
		1F1F14ED25071B170094F632 /* Debug */ = {
			isa = XCBuildConfiguration;
			buildSettings = {
				ASSETCATALOG_COMPILER_APPICON_NAME = AppIcon;
				CODE_SIGN_STYLE = Automatic;
				DEVELOPMENT_TEAM = Y28K2L3GRG;
				INFOPLIST_FILE = XZWLocationManage/Info.plist;
				LD_RUNPATH_SEARCH_PATHS = (
					"$(inherited)",
					"@executable_path/Frameworks",
				);
				PRODUCT_BUNDLE_IDENTIFIER = com.first.XZWLocationManage;
				PRODUCT_NAME = "$(TARGET_NAME)";
				TARGETED_DEVICE_FAMILY = "1,2";
			};
			name = Debug;
		};
		1F1F14EE25071B170094F632 /* Release */ = {
			isa = XCBuildConfiguration;
			buildSettings = {
				ASSETCATALOG_COMPILER_APPICON_NAME = AppIcon;
				CODE_SIGN_STYLE = Automatic;
				DEVELOPMENT_TEAM = Y28K2L3GRG;
				INFOPLIST_FILE = XZWLocationManage/Info.plist;
				LD_RUNPATH_SEARCH_PATHS = (
					"$(inherited)",
					"@executable_path/Frameworks",
				);
				PRODUCT_BUNDLE_IDENTIFIER = com.first.XZWLocationManage;
				PRODUCT_NAME = "$(TARGET_NAME)";
				TARGETED_DEVICE_FAMILY = "1,2";
			};
			name = Release;
		};
		1F1F14F025071B170094F632 /* Debug */ = {
			isa = XCBuildConfiguration;
			buildSettings = {
				BUNDLE_LOADER = "$(TEST_HOST)";
				CODE_SIGN_STYLE = Automatic;
				DEVELOPMENT_TEAM = Y28K2L3GRG;
				INFOPLIST_FILE = XZWLocationManageTests/Info.plist;
				IPHONEOS_DEPLOYMENT_TARGET = 13.6;
				LD_RUNPATH_SEARCH_PATHS = (
					"$(inherited)",
					"@executable_path/Frameworks",
					"@loader_path/Frameworks",
				);
				PRODUCT_BUNDLE_IDENTIFIER = com.first.XZWLocationManageTests;
				PRODUCT_NAME = "$(TARGET_NAME)";
				TARGETED_DEVICE_FAMILY = "1,2";
				TEST_HOST = "$(BUILT_PRODUCTS_DIR)/XZWLocationManage.app/XZWLocationManage";
			};
			name = Debug;
		};
		1F1F14F125071B170094F632 /* Release */ = {
			isa = XCBuildConfiguration;
			buildSettings = {
				BUNDLE_LOADER = "$(TEST_HOST)";
				CODE_SIGN_STYLE = Automatic;
				DEVELOPMENT_TEAM = Y28K2L3GRG;
				INFOPLIST_FILE = XZWLocationManageTests/Info.plist;
				IPHONEOS_DEPLOYMENT_TARGET = 13.6;
				LD_RUNPATH_SEARCH_PATHS = (
					"$(inherited)",
					"@executable_path/Frameworks",
					"@loader_path/Frameworks",
				);
				PRODUCT_BUNDLE_IDENTIFIER = com.first.XZWLocationManageTests;
				PRODUCT_NAME = "$(TARGET_NAME)";
				TARGETED_DEVICE_FAMILY = "1,2";
				TEST_HOST = "$(BUILT_PRODUCTS_DIR)/XZWLocationManage.app/XZWLocationManage";
			};
			name = Release;
		};
		1F1F14F325071B170094F632 /* Debug */ = {
			isa = XCBuildConfiguration;
			buildSettings = {
				CODE_SIGN_STYLE = Automatic;
				DEVELOPMENT_TEAM = Y28K2L3GRG;
				INFOPLIST_FILE = XZWLocationManageUITests/Info.plist;
				LD_RUNPATH_SEARCH_PATHS = (
					"$(inherited)",
					"@executable_path/Frameworks",
					"@loader_path/Frameworks",
				);
				PRODUCT_BUNDLE_IDENTIFIER = com.first.XZWLocationManageUITests;
				PRODUCT_NAME = "$(TARGET_NAME)";
				TARGETED_DEVICE_FAMILY = "1,2";
				TEST_TARGET_NAME = XZWLocationManage;
			};
			name = Debug;
		};
		1F1F14F425071B170094F632 /* Release */ = {
			isa = XCBuildConfiguration;
			buildSettings = {
				CODE_SIGN_STYLE = Automatic;
				DEVELOPMENT_TEAM = Y28K2L3GRG;
				INFOPLIST_FILE = XZWLocationManageUITests/Info.plist;
				LD_RUNPATH_SEARCH_PATHS = (
					"$(inherited)",
					"@executable_path/Frameworks",
					"@loader_path/Frameworks",
				);
				PRODUCT_BUNDLE_IDENTIFIER = com.first.XZWLocationManageUITests;
				PRODUCT_NAME = "$(TARGET_NAME)";
				TARGETED_DEVICE_FAMILY = "1,2";
				TEST_TARGET_NAME = XZWLocationManage;
			};
			name = Release;
		};
/* End XCBuildConfiguration section */

/* Begin XCConfigurationList section */
		1F1F14B825071B170094F632 /* Build configuration list for PBXProject "XZWLocationManage" */ = {
			isa = XCConfigurationList;
			buildConfigurations = (
				1F1F14EA25071B170094F632 /* Debug */,
				1F1F14EB25071B170094F632 /* Release */,
			);
			defaultConfigurationIsVisible = 0;
			defaultConfigurationName = Release;
		};
		1F1F14EC25071B170094F632 /* Build configuration list for PBXNativeTarget "XZWLocationManage" */ = {
			isa = XCConfigurationList;
			buildConfigurations = (
				1F1F14ED25071B170094F632 /* Debug */,
				1F1F14EE25071B170094F632 /* Release */,
			);
			defaultConfigurationIsVisible = 0;
			defaultConfigurationName = Release;
		};
		1F1F14EF25071B170094F632 /* Build configuration list for PBXNativeTarget "XZWLocationManageTests" */ = {
			isa = XCConfigurationList;
			buildConfigurations = (
				1F1F14F025071B170094F632 /* Debug */,
				1F1F14F125071B170094F632 /* Release */,
			);
			defaultConfigurationIsVisible = 0;
			defaultConfigurationName = Release;
		};
		1F1F14F225071B170094F632 /* Build configuration list for PBXNativeTarget "XZWLocationManageUITests" */ = {
			isa = XCConfigurationList;
			buildConfigurations = (
				1F1F14F325071B170094F632 /* Debug */,
				1F1F14F425071B170094F632 /* Release */,
			);
			defaultConfigurationIsVisible = 0;
			defaultConfigurationName = Release;
		};
/* End XCConfigurationList section */
	};
	rootObject = 1F1F14B525071B170094F632 /* Project object */;
}
